// !$*UTF8*$!
{
	archiveVersion = 1;
	classes = {
	};
	objectVersion = 56;
	objects = {

/* Begin PBXBuildFile section */
		F036A3B52B39BBC10022DDC2 /* Apple_FrameworksApp.swift in Sources */ = {isa = PBXBuildFile; fileRef = F036A3B42B39BBC10022DDC2 /* Apple_FrameworksApp.swift */; };
		F036A3B92B39BBC20022DDC2 /* Assets.xcassets in Resources */ = {isa = PBXBuildFile; fileRef = F036A3B82B39BBC20022DDC2 /* Assets.xcassets */; };
		F036A3BC2B39BBC20022DDC2 /* Preview Assets.xcassets in Resources */ = {isa = PBXBuildFile; fileRef = F036A3BB2B39BBC20022DDC2 /* Preview Assets.xcassets */; };
		F036A3C62B39BBC20022DDC2 /* Apple_FrameworksTests.swift in Sources */ = {isa = PBXBuildFile; fileRef = F036A3C52B39BBC20022DDC2 /* Apple_FrameworksTests.swift */; };
		F036A3D02B39BBC20022DDC2 /* Apple_FrameworksUITests.swift in Sources */ = {isa = PBXBuildFile; fileRef = F036A3CF2B39BBC20022DDC2 /* Apple_FrameworksUITests.swift */; };
		F036A3D22B39BBC20022DDC2 /* Apple_FrameworksUITestsLaunchTests.swift in Sources */ = {isa = PBXBuildFile; fileRef = F036A3D12B39BBC20022DDC2 /* Apple_FrameworksUITestsLaunchTests.swift */; };
		F036A3DF2B39BC0D0022DDC2 /* Framework.swift in Sources */ = {isa = PBXBuildFile; fileRef = F036A3DE2B39BC0D0022DDC2 /* Framework.swift */; };
		F036A3E32B39BDF50022DDC2 /* FrameworkGridView.swift in Sources */ = {isa = PBXBuildFile; fileRef = F036A3E22B39BDF50022DDC2 /* FrameworkGridView.swift */; };
		F036A3FF2B39CFBC0022DDC2 /* FrameworkDetailView.swift in Sources */ = {isa = PBXBuildFile; fileRef = F036A3FE2B39CFBC0022DDC2 /* FrameworkDetailView.swift */; };
		F036A4012B39D1BC0022DDC2 /* AFButton.swift in Sources */ = {isa = PBXBuildFile; fileRef = F036A4002B39D1BC0022DDC2 /* AFButton.swift */; };
		F036A4032B39D4BF0022DDC2 /* FrameworkGridViewModel.swift in Sources */ = {isa = PBXBuildFile; fileRef = F036A4022B39D4BF0022DDC2 /* FrameworkGridViewModel.swift */; };
		F036A4052B39DB870022DDC2 /* BackgroundView.swift in Sources */ = {isa = PBXBuildFile; fileRef = F036A4042B39DB870022DDC2 /* BackgroundView.swift */; };
		F036A4072B39DD130022DDC2 /* FrameworkTitleView.swift in Sources */ = {isa = PBXBuildFile; fileRef = F036A4062B39DD130022DDC2 /* FrameworkTitleView.swift */; };
/* End PBXBuildFile section */

/* Begin PBXContainerItemProxy section */
		F036A3C22B39BBC20022DDC2 /* PBXContainerItemProxy */ = {
			isa = PBXContainerItemProxy;
			containerPortal = F036A3A92B39BBC10022DDC2 /* Project object */;
			proxyType = 1;
			remoteGlobalIDString = F036A3B02B39BBC10022DDC2;
			remoteInfo = "Apple-Frameworks";
		};
		F036A3CC2B39BBC20022DDC2 /* PBXContainerItemProxy */ = {
			isa = PBXContainerItemProxy;
			containerPortal = F036A3A92B39BBC10022DDC2 /* Project object */;
			proxyType = 1;
			remoteGlobalIDString = F036A3B02B39BBC10022DDC2;
			remoteInfo = "Apple-Frameworks";
		};
/* End PBXContainerItemProxy section */

/* Begin PBXFileReference section */
		F036A3B12B39BBC10022DDC2 /* Apple-Frameworks.app */ = {isa = PBXFileReference; explicitFileType = wrapper.application; includeInIndex = 0; path = "Apple-Frameworks.app"; sourceTree = BUILT_PRODUCTS_DIR; };
		F036A3B42B39BBC10022DDC2 /* Apple_FrameworksApp.swift */ = {isa = PBXFileReference; lastKnownFileType = sourcecode.swift; path = Apple_FrameworksApp.swift; sourceTree = "<group>"; };
		F036A3B82B39BBC20022DDC2 /* Assets.xcassets */ = {isa = PBXFileReference; lastKnownFileType = folder.assetcatalog; path = Assets.xcassets; sourceTree = "<group>"; };
		F036A3BB2B39BBC20022DDC2 /* Preview Assets.xcassets */ = {isa = PBXFileReference; lastKnownFileType = folder.assetcatalog; path = "Preview Assets.xcassets"; sourceTree = "<group>"; };
		F036A3C12B39BBC20022DDC2 /* Apple-FrameworksTests.xctest */ = {isa = PBXFileReference; explicitFileType = wrapper.cfbundle; includeInIndex = 0; path = "Apple-FrameworksTests.xctest"; sourceTree = BUILT_PRODUCTS_DIR; };
		F036A3C52B39BBC20022DDC2 /* Apple_FrameworksTests.swift */ = {isa = PBXFileReference; lastKnownFileType = sourcecode.swift; path = Apple_FrameworksTests.swift; sourceTree = "<group>"; };
		F036A3CB2B39BBC20022DDC2 /* Apple-FrameworksUITests.xctest */ = {isa = PBXFileReference; explicitFileType = wrapper.cfbundle; includeInIndex = 0; path = "Apple-FrameworksUITests.xctest"; sourceTree = BUILT_PRODUCTS_DIR; };
		F036A3CF2B39BBC20022DDC2 /* Apple_FrameworksUITests.swift */ = {isa = PBXFileReference; lastKnownFileType = sourcecode.swift; path = Apple_FrameworksUITests.swift; sourceTree = "<group>"; };
		F036A3D12B39BBC20022DDC2 /* Apple_FrameworksUITestsLaunchTests.swift */ = {isa = PBXFileReference; lastKnownFileType = sourcecode.swift; path = Apple_FrameworksUITestsLaunchTests.swift; sourceTree = "<group>"; };
		F036A3DE2B39BC0D0022DDC2 /* Framework.swift */ = {isa = PBXFileReference; lastKnownFileType = sourcecode.swift; path = Framework.swift; sourceTree = "<group>"; };
		F036A3E22B39BDF50022DDC2 /* FrameworkGridView.swift */ = {isa = PBXFileReference; lastKnownFileType = sourcecode.swift; path = FrameworkGridView.swift; sourceTree = "<group>"; };
		F036A3FE2B39CFBC0022DDC2 /* FrameworkDetailView.swift */ = {isa = PBXFileReference; lastKnownFileType = sourcecode.swift; path = FrameworkDetailView.swift; sourceTree = "<group>"; };
		F036A4002B39D1BC0022DDC2 /* AFButton.swift */ = {isa = PBXFileReference; lastKnownFileType = sourcecode.swift; path = AFButton.swift; sourceTree = "<group>"; };
		F036A4022B39D4BF0022DDC2 /* FrameworkGridViewModel.swift */ = {isa = PBXFileReference; lastKnownFileType = sourcecode.swift; path = FrameworkGridViewModel.swift; sourceTree = "<group>"; };
		F036A4042B39DB870022DDC2 /* BackgroundView.swift */ = {isa = PBXFileReference; lastKnownFileType = sourcecode.swift; path = BackgroundView.swift; sourceTree = "<group>"; };
		F036A4062B39DD130022DDC2 /* FrameworkTitleView.swift */ = {isa = PBXFileReference; lastKnownFileType = sourcecode.swift; path = FrameworkTitleView.swift; sourceTree = "<group>"; };
/* End PBXFileReference section */

/* Begin PBXFrameworksBuildPhase section */
		F036A3AE2B39BBC10022DDC2 /* Frameworks */ = {
			isa = PBXFrameworksBuildPhase;
			buildActionMask = 2147483647;
			files = (
			);
			runOnlyForDeploymentPostprocessing = 0;
		};
		F036A3BE2B39BBC20022DDC2 /* Frameworks */ = {
			isa = PBXFrameworksBuildPhase;
			buildActionMask = 2147483647;
			files = (
			);
			runOnlyForDeploymentPostprocessing = 0;
		};
		F036A3C82B39BBC20022DDC2 /* Frameworks */ = {
			isa = PBXFrameworksBuildPhase;
			buildActionMask = 2147483647;
			files = (
			);
			runOnlyForDeploymentPostprocessing = 0;
		};
/* End PBXFrameworksBuildPhase section */

/* Begin PBXGroup section */
		F036A3A82B39BBC10022DDC2 = {
			isa = PBXGroup;
			children = (
				F036A3B32B39BBC10022DDC2 /* Apple-Frameworks */,
				F036A3C42B39BBC20022DDC2 /* Apple-FrameworksTests */,
				F036A3CE2B39BBC20022DDC2 /* Apple-FrameworksUITests */,
				F036A3B22B39BBC10022DDC2 /* Products */,
			);
			sourceTree = "<group>";
		};
		F036A3B22B39BBC10022DDC2 /* Products */ = {
			isa = PBXGroup;
			children = (
				F036A3B12B39BBC10022DDC2 /* Apple-Frameworks.app */,
				F036A3C12B39BBC20022DDC2 /* Apple-FrameworksTests.xctest */,
				F036A3CB2B39BBC20022DDC2 /* Apple-FrameworksUITests.xctest */,
			);
			name = Products;
			sourceTree = "<group>";
		};
		F036A3B32B39BBC10022DDC2 /* Apple-Frameworks */ = {
			isa = PBXGroup;
			children = (
				F036A3B42B39BBC10022DDC2 /* Apple_FrameworksApp.swift */,
				F036A3E22B39BDF50022DDC2 /* FrameworkGridView.swift */,
				F036A4022B39D4BF0022DDC2 /* FrameworkGridViewModel.swift */,
				F036A3FE2B39CFBC0022DDC2 /* FrameworkDetailView.swift */,
				F036A3DE2B39BC0D0022DDC2 /* Framework.swift */,
				F036A4002B39D1BC0022DDC2 /* AFButton.swift */,
				F036A3B82B39BBC20022DDC2 /* Assets.xcassets */,
				F036A3BA2B39BBC20022DDC2 /* Preview Content */,
				F036A4042B39DB870022DDC2 /* BackgroundView.swift */,
				F036A4062B39DD130022DDC2 /* FrameworkTitleView.swift */,
			);
			path = "Apple-Frameworks";
			sourceTree = "<group>";
		};
		F036A3BA2B39BBC20022DDC2 /* Preview Content */ = {
			isa = PBXGroup;
			children = (
				F036A3BB2B39BBC20022DDC2 /* Preview Assets.xcassets */,
			);
			path = "Preview Content";
			sourceTree = "<group>";
		};
		F036A3C42B39BBC20022DDC2 /* Apple-FrameworksTests */ = {
			isa = PBXGroup;
			children = (
				F036A3C52B39BBC20022DDC2 /* Apple_FrameworksTests.swift */,
			);
			path = "Apple-FrameworksTests";
			sourceTree = "<group>";
		};
		F036A3CE2B39BBC20022DDC2 /* Apple-FrameworksUITests */ = {
			isa = PBXGroup;
			children = (
				F036A3CF2B39BBC20022DDC2 /* Apple_FrameworksUITests.swift */,
				F036A3D12B39BBC20022DDC2 /* Apple_FrameworksUITestsLaunchTests.swift */,
			);
			path = "Apple-FrameworksUITests";
			sourceTree = "<group>";
		};
/* End PBXGroup section */

/* Begin PBXNativeTarget section */
		F036A3B02B39BBC10022DDC2 /* Apple-Frameworks */ = {
			isa = PBXNativeTarget;
			buildConfigurationList = F036A3D52B39BBC20022DDC2 /* Build configuration list for PBXNativeTarget "Apple-Frameworks" */;
			buildPhases = (
				F036A3AD2B39BBC10022DDC2 /* Sources */,
				F036A3AE2B39BBC10022DDC2 /* Frameworks */,
				F036A3AF2B39BBC10022DDC2 /* Resources */,
			);
			buildRules = (
			);
			dependencies = (
			);
			name = "Apple-Frameworks";
			productName = "Apple-Frameworks";
			productReference = F036A3B12B39BBC10022DDC2 /* Apple-Frameworks.app */;
			productType = "com.apple.product-type.application";
		};
		F036A3C02B39BBC20022DDC2 /* Apple-FrameworksTests */ = {
			isa = PBXNativeTarget;
			buildConfigurationList = F036A3D82B39BBC20022DDC2 /* Build configuration list for PBXNativeTarget "Apple-FrameworksTests" */;
			buildPhases = (
				F036A3BD2B39BBC20022DDC2 /* Sources */,
				F036A3BE2B39BBC20022DDC2 /* Frameworks */,
				F036A3BF2B39BBC20022DDC2 /* Resources */,
			);
			buildRules = (
			);
			dependencies = (
				F036A3C32B39BBC20022DDC2 /* PBXTargetDependency */,
			);
			name = "Apple-FrameworksTests";
			productName = "Apple-FrameworksTests";
			productReference = F036A3C12B39BBC20022DDC2 /* Apple-FrameworksTests.xctest */;
			productType = "com.apple.product-type.bundle.unit-test";
		};
		F036A3CA2B39BBC20022DDC2 /* Apple-FrameworksUITests */ = {
			isa = PBXNativeTarget;
			buildConfigurationList = F036A3DB2B39BBC20022DDC2 /* Build configuration list for PBXNativeTarget "Apple-FrameworksUITests" */;
			buildPhases = (
				F036A3C72B39BBC20022DDC2 /* Sources */,
				F036A3C82B39BBC20022DDC2 /* Frameworks */,
				F036A3C92B39BBC20022DDC2 /* Resources */,
			);
			buildRules = (
			);
			dependencies = (
				F036A3CD2B39BBC20022DDC2 /* PBXTargetDependency */,
			);
			name = "Apple-FrameworksUITests";
			productName = "Apple-FrameworksUITests";
			productReference = F036A3CB2B39BBC20022DDC2 /* Apple-FrameworksUITests.xctest */;
			productType = "com.apple.product-type.bundle.ui-testing";
		};
/* End PBXNativeTarget section */

/* Begin PBXProject section */
		F036A3A92B39BBC10022DDC2 /* Project object */ = {
			isa = PBXProject;
			attributes = {
				BuildIndependentTargetsInParallel = 1;
				LastSwiftUpdateCheck = 1510;
				LastUpgradeCheck = 1510;
				TargetAttributes = {
					F036A3B02B39BBC10022DDC2 = {
						CreatedOnToolsVersion = 15.1;
					};
					F036A3C02B39BBC20022DDC2 = {
						CreatedOnToolsVersion = 15.1;
						TestTargetID = F036A3B02B39BBC10022DDC2;
					};
					F036A3CA2B39BBC20022DDC2 = {
						CreatedOnToolsVersion = 15.1;
						TestTargetID = F036A3B02B39BBC10022DDC2;
					};
				};
			};
			buildConfigurationList = F036A3AC2B39BBC10022DDC2 /* Build configuration list for PBXProject "Apple-Frameworks" */;
			compatibilityVersion = "Xcode 14.0";
			developmentRegion = en;
			hasScannedForEncodings = 0;
			knownRegions = (
				en,
				Base,
			);
			mainGroup = F036A3A82B39BBC10022DDC2;
			productRefGroup = F036A3B22B39BBC10022DDC2 /* Products */;
			projectDirPath = "";
			projectRoot = "";
			targets = (
				F036A3B02B39BBC10022DDC2 /* Apple-Frameworks */,
				F036A3C02B39BBC20022DDC2 /* Apple-FrameworksTests */,
				F036A3CA2B39BBC20022DDC2 /* Apple-FrameworksUITests */,
			);
		};
/* End PBXProject section */

/* Begin PBXResourcesBuildPhase section */
		F036A3AF2B39BBC10022DDC2 /* Resources */ = {
			isa = PBXResourcesBuildPhase;
			buildActionMask = 2147483647;
			files = (
				F036A3BC2B39BBC20022DDC2 /* Preview Assets.xcassets in Resources */,
				F036A3B92B39BBC20022DDC2 /* Assets.xcassets in Resources */,
			);
			runOnlyForDeploymentPostprocessing = 0;
		};
		F036A3BF2B39BBC20022DDC2 /* Resources */ = {
			isa = PBXResourcesBuildPhase;
			buildActionMask = 2147483647;
			files = (
			);
			runOnlyForDeploymentPostprocessing = 0;
		};
		F036A3C92B39BBC20022DDC2 /* Resources */ = {
			isa = PBXResourcesBuildPhase;
			buildActionMask = 2147483647;
			files = (
			);
			runOnlyForDeploymentPostprocessing = 0;
		};
/* End PBXResourcesBuildPhase section */

/* Begin PBXSourcesBuildPhase section */
		F036A3AD2B39BBC10022DDC2 /* Sources */ = {
			isa = PBXSourcesBuildPhase;
			buildActionMask = 2147483647;
			files = (
				F036A3FF2B39CFBC0022DDC2 /* FrameworkDetailView.swift in Sources */,
				F036A3E32B39BDF50022DDC2 /* FrameworkGridView.swift in Sources */,
				F036A3DF2B39BC0D0022DDC2 /* Framework.swift in Sources */,
				F036A4052B39DB870022DDC2 /* BackgroundView.swift in Sources */,
				F036A4012B39D1BC0022DDC2 /* AFButton.swift in Sources */,
				F036A3B52B39BBC10022DDC2 /* Apple_FrameworksApp.swift in Sources */,
				F036A4072B39DD130022DDC2 /* FrameworkTitleView.swift in Sources */,
				F036A4032B39D4BF0022DDC2 /* FrameworkGridViewModel.swift in Sources */,
			);
			runOnlyForDeploymentPostprocessing = 0;
		};
		F036A3BD2B39BBC20022DDC2 /* Sources */ = {
			isa = PBXSourcesBuildPhase;
			buildActionMask = 2147483647;
			files = (
				F036A3C62B39BBC20022DDC2 /* Apple_FrameworksTests.swift in Sources */,
			);
			runOnlyForDeploymentPostprocessing = 0;
		};
		F036A3C72B39BBC20022DDC2 /* Sources */ = {
			isa = PBXSourcesBuildPhase;
			buildActionMask = 2147483647;
			files = (
				F036A3D22B39BBC20022DDC2 /* Apple_FrameworksUITestsLaunchTests.swift in Sources */,
				F036A3D02B39BBC20022DDC2 /* Apple_FrameworksUITests.swift in Sources */,
			);
			runOnlyForDeploymentPostprocessing = 0;
		};
/* End PBXSourcesBuildPhase section */

/* Begin PBXTargetDependency section */
		F036A3C32B39BBC20022DDC2 /* PBXTargetDependency */ = {
			isa = PBXTargetDependency;
			target = F036A3B02B39BBC10022DDC2 /* Apple-Frameworks */;
			targetProxy = F036A3C22B39BBC20022DDC2 /* PBXContainerItemProxy */;
		};
		F036A3CD2B39BBC20022DDC2 /* PBXTargetDependency */ = {
			isa = PBXTargetDependency;
			target = F036A3B02B39BBC10022DDC2 /* Apple-Frameworks */;
			targetProxy = F036A3CC2B39BBC20022DDC2 /* PBXContainerItemProxy */;
		};
/* End PBXTargetDependency section */

/* Begin XCBuildConfiguration section */
		F036A3D32B39BBC20022DDC2 /* Debug */ = {
			isa = XCBuildConfiguration;
			buildSettings = {
				ALWAYS_SEARCH_USER_PATHS = NO;
				ASSETCATALOG_COMPILER_GENERATE_SWIFT_ASSET_SYMBOL_EXTENSIONS = YES;
				CLANG_ANALYZER_NONNULL = YES;
				CLANG_ANALYZER_NUMBER_OBJECT_CONVERSION = YES_AGGRESSIVE;
				CLANG_CXX_LANGUAGE_STANDARD = "gnu++20";
				CLANG_ENABLE_MODULES = YES;
				CLANG_ENABLE_OBJC_ARC = YES;
				CLANG_ENABLE_OBJC_WEAK = YES;
				CLANG_WARN_BLOCK_CAPTURE_AUTORELEASING = YES;
				CLANG_WARN_BOOL_CONVERSION = YES;
				CLANG_WARN_COMMA = YES;
				CLANG_WARN_CONSTANT_CONVERSION = YES;
				CLANG_WARN_DEPRECATED_OBJC_IMPLEMENTATIONS = YES;
				CLANG_WARN_DIRECT_OBJC_ISA_USAGE = YES_ERROR;
				CLANG_WARN_DOCUMENTATION_COMMENTS = YES;
				CLANG_WARN_EMPTY_BODY = YES;
				CLANG_WARN_ENUM_CONVERSION = YES;
				CLANG_WARN_INFINITE_RECURSION = YES;
				CLANG_WARN_INT_CONVERSION = YES;
				CLANG_WARN_NON_LITERAL_NULL_CONVERSION = YES;
				CLANG_WARN_OBJC_IMPLICIT_RETAIN_SELF = YES;
				CLANG_WARN_OBJC_LITERAL_CONVERSION = YES;
				CLANG_WARN_OBJC_ROOT_CLASS = YES_ERROR;
				CLANG_WARN_QUOTED_INCLUDE_IN_FRAMEWORK_HEADER = YES;
				CLANG_WARN_RANGE_LOOP_ANALYSIS = YES;
				CLANG_WARN_STRICT_PROTOTYPES = YES;
				CLANG_WARN_SUSPICIOUS_MOVE = YES;
				CLANG_WARN_UNGUARDED_AVAILABILITY = YES_AGGRESSIVE;
				CLANG_WARN_UNREACHABLE_CODE = YES;
				CLANG_WARN__DUPLICATE_METHOD_MATCH = YES;
				COPY_PHASE_STRIP = NO;
				DEBUG_INFORMATION_FORMAT = dwarf;
				ENABLE_STRICT_OBJC_MSGSEND = YES;
				ENABLE_TESTABILITY = YES;
				ENABLE_USER_SCRIPT_SANDBOXING = YES;
				GCC_C_LANGUAGE_STANDARD = gnu17;
				GCC_DYNAMIC_NO_PIC = NO;
				GCC_NO_COMMON_BLOCKS = YES;
				GCC_OPTIMIZATION_LEVEL = 0;
				GCC_PREPROCESSOR_DEFINITIONS = (
					"DEBUG=1",
					"$(inherited)",
				);
				GCC_WARN_64_TO_32_BIT_CONVERSION = YES;
				GCC_WARN_ABOUT_RETURN_TYPE = YES_ERROR;
				GCC_WARN_UNDECLARED_SELECTOR = YES;
				GCC_WARN_UNINITIALIZED_AUTOS = YES_AGGRESSIVE;
				GCC_WARN_UNUSED_FUNCTION = YES;
				GCC_WARN_UNUSED_VARIABLE = YES;
				IPHONEOS_DEPLOYMENT_TARGET = 17.1;
				LOCALIZATION_PREFERS_STRING_CATALOGS = YES;
				MTL_ENABLE_DEBUG_INFO = INCLUDE_SOURCE;
				MTL_FAST_MATH = YES;
				ONLY_ACTIVE_ARCH = YES;
				SDKROOT = iphoneos;
				SWIFT_ACTIVE_COMPILATION_CONDITIONS = "DEBUG $(inherited)";
				SWIFT_OPTIMIZATION_LEVEL = "-Onone";
			};
			name = Debug;
		};
		F036A3D42B39BBC20022DDC2 /* Release */ = {
			isa = XCBuildConfiguration;
			buildSettings = {
				ALWAYS_SEARCH_USER_PATHS = NO;
				ASSETCATALOG_COMPILER_GENERATE_SWIFT_ASSET_SYMBOL_EXTENSIONS = YES;
				CLANG_ANALYZER_NONNULL = YES;
				CLANG_ANALYZER_NUMBER_OBJECT_CONVERSION = YES_AGGRESSIVE;
				CLANG_CXX_LANGUAGE_STANDARD = "gnu++20";
				CLANG_ENABLE_MODULES = YES;
				CLANG_ENABLE_OBJC_ARC = YES;
				CLANG_ENABLE_OBJC_WEAK = YES;
				CLANG_WARN_BLOCK_CAPTURE_AUTORELEASING = YES;
				CLANG_WARN_BOOL_CONVERSION = YES;
				CLANG_WARN_COMMA = YES;
				CLANG_WARN_CONSTANT_CONVERSION = YES;
				CLANG_WARN_DEPRECATED_OBJC_IMPLEMENTATIONS = YES;
				CLANG_WARN_DIRECT_OBJC_ISA_USAGE = YES_ERROR;
				CLANG_WARN_DOCUMENTATION_COMMENTS = YES;
				CLANG_WARN_EMPTY_BODY = YES;
				CLANG_WARN_ENUM_CONVERSION = YES;
				CLANG_WARN_INFINITE_RECURSION = YES;
				CLANG_WARN_INT_CONVERSION = YES;
				CLANG_WARN_NON_LITERAL_NULL_CONVERSION = YES;
				CLANG_WARN_OBJC_IMPLICIT_RETAIN_SELF = YES;
				CLANG_WARN_OBJC_LITERAL_CONVERSION = YES;
				CLANG_WARN_OBJC_ROOT_CLASS = YES_ERROR;
				CLANG_WARN_QUOTED_INCLUDE_IN_FRAMEWORK_HEADER = YES;
				CLANG_WARN_RANGE_LOOP_ANALYSIS = YES;
				CLANG_WARN_STRICT_PROTOTYPES = YES;
				CLANG_WARN_SUSPICIOUS_MOVE = YES;
				CLANG_WARN_UNGUARDED_AVAILABILITY = YES_AGGRESSIVE;
				CLANG_WARN_UNREACHABLE_CODE = YES;
				CLANG_WARN__DUPLICATE_METHOD_MATCH = YES;
				COPY_PHASE_STRIP = NO;
				DEBUG_INFORMATION_FORMAT = "dwarf-with-dsym";
				ENABLE_NS_ASSERTIONS = NO;
				ENABLE_STRICT_OBJC_MSGSEND = YES;
				ENABLE_USER_SCRIPT_SANDBOXING = YES;
				GCC_C_LANGUAGE_STANDARD = gnu17;
				GCC_NO_COMMON_BLOCKS = YES;
				GCC_WARN_64_TO_32_BIT_CONVERSION = YES;
				GCC_WARN_ABOUT_RETURN_TYPE = YES_ERROR;
				GCC_WARN_UNDECLARED_SELECTOR = YES;
				GCC_WARN_UNINITIALIZED_AUTOS = YES_AGGRESSIVE;
				GCC_WARN_UNUSED_FUNCTION = YES;
				GCC_WARN_UNUSED_VARIABLE = YES;
				IPHONEOS_DEPLOYMENT_TARGET = 17.1;
				LOCALIZATION_PREFERS_STRING_CATALOGS = YES;
				MTL_ENABLE_DEBUG_INFO = NO;
				MTL_FAST_MATH = YES;
				SDKROOT = iphoneos;
				SWIFT_COMPILATION_MODE = wholemodule;
				VALIDATE_PRODUCT = YES;
			};
			name = Release;
		};
		F036A3D62B39BBC20022DDC2 /* Debug */ = {
			isa = XCBuildConfiguration;
			buildSettings = {
				ASSETCATALOG_COMPILER_APPICON_NAME = AppIcon;
				ASSETCATALOG_COMPILER_GLOBAL_ACCENT_COLOR_NAME = AccentColor;
				CODE_SIGN_STYLE = Automatic;
				CURRENT_PROJECT_VERSION = 1;
				DEVELOPMENT_ASSET_PATHS = "\"Apple-Frameworks/Preview Content\"";
				DEVELOPMENT_TEAM = 3WB6LF5397;
				ENABLE_PREVIEWS = YES;
				GENERATE_INFOPLIST_FILE = YES;
				INFOPLIST_KEY_UIApplicationSceneManifest_Generation = YES;
				INFOPLIST_KEY_UIApplicationSupportsIndirectInputEvents = YES;
				INFOPLIST_KEY_UILaunchScreen_Generation = YES;
				INFOPLIST_KEY_UISupportedInterfaceOrientations_iPad = "UIInterfaceOrientationPortrait UIInterfaceOrientationPortraitUpsideDown UIInterfaceOrientationLandscapeLeft UIInterfaceOrientationLandscapeRight";
				INFOPLIST_KEY_UISupportedInterfaceOrientations_iPhone = "UIInterfaceOrientationPortrait UIInterfaceOrientationLandscapeLeft UIInterfaceOrientationLandscapeRight";
				LD_RUNPATH_SEARCH_PATHS = (
					"$(inherited)",
					"@executable_path/Frameworks",
				);
				MARKETING_VERSION = 1.0;
				PRODUCT_BUNDLE_IDENTIFIER = "tihl.Apple-Frameworks";
				PRODUCT_NAME = "$(TARGET_NAME)";
				SWIFT_EMIT_LOC_STRINGS = YES;
				SWIFT_VERSION = 5.0;
				TARGETED_DEVICE_FAMILY = "1,2";
			};
			name = Debug;
		};
		F036A3D72B39BBC20022DDC2 /* Release */ = {
			isa = XCBuildConfiguration;
			buildSettings = {
				ASSETCATALOG_COMPILER_APPICON_NAME = AppIcon;
				ASSETCATALOG_COMPILER_GLOBAL_ACCENT_COLOR_NAME = AccentColor;
				CODE_SIGN_STYLE = Automatic;
				CURRENT_PROJECT_VERSION = 1;
				DEVELOPMENT_ASSET_PATHS = "\"Apple-Frameworks/Preview Content\"";
				DEVELOPMENT_TEAM = 3WB6LF5397;
				ENABLE_PREVIEWS = YES;
				GENERATE_INFOPLIST_FILE = YES;
				INFOPLIST_KEY_UIApplicationSceneManifest_Generation = YES;
				INFOPLIST_KEY_UIApplicationSupportsIndirectInputEvents = YES;
				INFOPLIST_KEY_UILaunchScreen_Generation = YES;
				INFOPLIST_KEY_UISupportedInterfaceOrientations_iPad = "UIInterfaceOrientationPortrait UIInterfaceOrientationPortraitUpsideDown UIInterfaceOrientationLandscapeLeft UIInterfaceOrientationLandscapeRight";
				INFOPLIST_KEY_UISupportedInterfaceOrientations_iPhone = "UIInterfaceOrientationPortrait UIInterfaceOrientationLandscapeLeft UIInterfaceOrientationLandscapeRight";
				LD_RUNPATH_SEARCH_PATHS = (
					"$(inherited)",
					"@executable_path/Frameworks",
				);
				MARKETING_VERSION = 1.0;
				PRODUCT_BUNDLE_IDENTIFIER = "tihl.Apple-Frameworks";
				PRODUCT_NAME = "$(TARGET_NAME)";
				SWIFT_EMIT_LOC_STRINGS = YES;
				SWIFT_VERSION = 5.0;
				TARGETED_DEVICE_FAMILY = "1,2";
			};
			name = Release;
		};
		F036A3D92B39BBC20022DDC2 /* Debug */ = {
			isa = XCBuildConfiguration;
			buildSettings = {
				ALWAYS_EMBED_SWIFT_STANDARD_LIBRARIES = YES;
				BUNDLE_LOADER = "$(TEST_HOST)";
				CODE_SIGN_STYLE = Automatic;
				CURRENT_PROJECT_VERSION = 1;
				GENERATE_INFOPLIST_FILE = YES;
				IPHONEOS_DEPLOYMENT_TARGET = 17.2;
				MARKETING_VERSION = 1.0;
				PRODUCT_BUNDLE_IDENTIFIER = "tihl.Apple-FrameworksTests";
				PRODUCT_NAME = "$(TARGET_NAME)";
				SWIFT_EMIT_LOC_STRINGS = NO;
				SWIFT_VERSION = 5.0;
				TARGETED_DEVICE_FAMILY = "1,2";
				TEST_HOST = "$(BUILT_PRODUCTS_DIR)/Apple-Frameworks.app/$(BUNDLE_EXECUTABLE_FOLDER_PATH)/Apple-Frameworks";
			};
			name = Debug;
		};
		F036A3DA2B39BBC20022DDC2 /* Release */ = {
			isa = XCBuildConfiguration;
			buildSettings = {
				ALWAYS_EMBED_SWIFT_STANDARD_LIBRARIES = YES;
				BUNDLE_LOADER = "$(TEST_HOST)";
				CODE_SIGN_STYLE = Automatic;
				CURRENT_PROJECT_VERSION = 1;
				GENERATE_INFOPLIST_FILE = YES;
				IPHONEOS_DEPLOYMENT_TARGET = 17.2;
				MARKETING_VERSION = 1.0;
				PRODUCT_BUNDLE_IDENTIFIER = "tihl.Apple-FrameworksTests";
				PRODUCT_NAME = "$(TARGET_NAME)";
				SWIFT_EMIT_LOC_STRINGS = NO;
				SWIFT_VERSION = 5.0;
				TARGETED_DEVICE_FAMILY = "1,2";
				TEST_HOST = "$(BUILT_PRODUCTS_DIR)/Apple-Frameworks.app/$(BUNDLE_EXECUTABLE_FOLDER_PATH)/Apple-Frameworks";
			};
			name = Release;
		};
		F036A3DC2B39BBC20022DDC2 /* Debug */ = {
			isa = XCBuildConfiguration;
			buildSettings = {
				ALWAYS_EMBED_SWIFT_STANDARD_LIBRARIES = YES;
				CODE_SIGN_STYLE = Automatic;
				CURRENT_PROJECT_VERSION = 1;
				GENERATE_INFOPLIST_FILE = YES;
				MARKETING_VERSION = 1.0;
				PRODUCT_BUNDLE_IDENTIFIER = "tihl.Apple-FrameworksUITests";
				PRODUCT_NAME = "$(TARGET_NAME)";
				SWIFT_EMIT_LOC_STRINGS = NO;
				SWIFT_VERSION = 5.0;
				TARGETED_DEVICE_FAMILY = "1,2";
				TEST_TARGET_NAME = "Apple-Frameworks";
			};
			name = Debug;
		};
		F036A3DD2B39BBC20022DDC2 /* Release */ = {
			isa = XCBuildConfiguration;
			buildSettings = {
				ALWAYS_EMBED_SWIFT_STANDARD_LIBRARIES = YES;
				CODE_SIGN_STYLE = Automatic;
				CURRENT_PROJECT_VERSION = 1;
				GENERATE_INFOPLIST_FILE = YES;
				MARKETING_VERSION = 1.0;
				PRODUCT_BUNDLE_IDENTIFIER = "tihl.Apple-FrameworksUITests";
				PRODUCT_NAME = "$(TARGET_NAME)";
				SWIFT_EMIT_LOC_STRINGS = NO;
				SWIFT_VERSION = 5.0;
				TARGETED_DEVICE_FAMILY = "1,2";
				TEST_TARGET_NAME = "Apple-Frameworks";
			};
			name = Release;
		};
/* End XCBuildConfiguration section */

/* Begin XCConfigurationList section */
		F036A3AC2B39BBC10022DDC2 /* Build configuration list for PBXProject "Apple-Frameworks" */ = {
			isa = XCConfigurationList;
			buildConfigurations = (
				F036A3D32B39BBC20022DDC2 /* Debug */,
				F036A3D42B39BBC20022DDC2 /* Release */,
			);
			defaultConfigurationIsVisible = 0;
			defaultConfigurationName = Release;
		};
		F036A3D52B39BBC20022DDC2 /* Build configuration list for PBXNativeTarget "Apple-Frameworks" */ = {
			isa = XCConfigurationList;
			buildConfigurations = (
				F036A3D62B39BBC20022DDC2 /* Debug */,
				F036A3D72B39BBC20022DDC2 /* Release */,
			);
			defaultConfigurationIsVisible = 0;
			defaultConfigurationName = Release;
		};
		F036A3D82B39BBC20022DDC2 /* Build configuration list for PBXNativeTarget "Apple-FrameworksTests" */ = {
			isa = XCConfigurationList;
			buildConfigurations = (
				F036A3D92B39BBC20022DDC2 /* Debug */,
				F036A3DA2B39BBC20022DDC2 /* Release */,
			);
			defaultConfigurationIsVisible = 0;
			defaultConfigurationName = Release;
		};
		F036A3DB2B39BBC20022DDC2 /* Build configuration list for PBXNativeTarget "Apple-FrameworksUITests" */ = {
			isa = XCConfigurationList;
			buildConfigurations = (
				F036A3DC2B39BBC20022DDC2 /* Debug */,
				F036A3DD2B39BBC20022DDC2 /* Release */,
			);
			defaultConfigurationIsVisible = 0;
			defaultConfigurationName = Release;
		};
/* End XCConfigurationList section */
	};
	rootObject = F036A3A92B39BBC10022DDC2 /* Project object */;
}
